// !$*UTF8*$!
{
	archiveVersion = 1;
	classes = {
	};
	objectVersion = 46;
	objects = {

/* Begin PBXBuildFile section */
		271C6E1B1AAD9B67007C0801 /* KTNSMutableAttributedString+HTMLParsing.h in Headers */ = {isa = PBXBuildFile; fileRef = 271C6E191AAD9B67007C0801 /* KTNSMutableAttributedString+HTMLParsing.h */; };
		271C6E1C1AAD9B67007C0801 /* KTNSMutableAttributedString+HTMLParsing.m in Sources */ = {isa = PBXBuildFile; fileRef = 271C6E1A1AAD9B67007C0801 /* KTNSMutableAttributedString+HTMLParsing.m */; };
		27C1E1641A9F182A0035C02C /* KTCAGradientLayer+SJSGradients.h in Headers */ = {isa = PBXBuildFile; fileRef = 27C1E1621A9F182A0035C02C /* KTCAGradientLayer+SJSGradients.h */; };
		27C1E1651A9F182A0035C02C /* KTCAGradientLayer+SJSGradients.m in Sources */ = {isa = PBXBuildFile; fileRef = 27C1E1631A9F182A0035C02C /* KTCAGradientLayer+SJSGradients.m */; };
		27C1E1681A9F18600035C02C /* KTNSString+IPValidation.h in Headers */ = {isa = PBXBuildFile; fileRef = 27C1E1661A9F18600035C02C /* KTNSString+IPValidation.h */; };
		27C1E1691A9F18600035C02C /* KTNSString+IPValidation.m in Sources */ = {isa = PBXBuildFile; fileRef = 27C1E1671A9F18600035C02C /* KTNSString+IPValidation.m */; };
		27C1E16C1A9F18850035C02C /* KTNSThread+ManyObjects.h in Headers */ = {isa = PBXBuildFile; fileRef = 27C1E16A1A9F18850035C02C /* KTNSThread+ManyObjects.h */; };
		27C1E16D1A9F18850035C02C /* KTNSThread+ManyObjects.m in Sources */ = {isa = PBXBuildFile; fileRef = 27C1E16B1A9F18850035C02C /* KTNSThread+ManyObjects.m */; };
		27C1E1701A9F18EE0035C02C /* KTUIImagePickerController+NonRotating.h in Headers */ = {isa = PBXBuildFile; fileRef = 27C1E16E1A9F18EE0035C02C /* KTUIImagePickerController+NonRotating.h */; };
		27C1E1711A9F18EE0035C02C /* KTUIImagePickerController+NonRotating.m in Sources */ = {isa = PBXBuildFile; fileRef = 27C1E16F1A9F18EE0035C02C /* KTUIImagePickerController+NonRotating.m */; };
		27C1E1741A9F190F0035C02C /* KTUIView+JTViewToImage.h in Headers */ = {isa = PBXBuildFile; fileRef = 27C1E1721A9F190F0035C02C /* KTUIView+JTViewToImage.h */; };
		27C1E1751A9F190F0035C02C /* KTUIView+JTViewToImage.m in Sources */ = {isa = PBXBuildFile; fileRef = 27C1E1731A9F190F0035C02C /* KTUIView+JTViewToImage.m */; };
		27C1E17E1A9F1A5A0035C02C /* KTNetworkUtility.h in Headers */ = {isa = PBXBuildFile; fileRef = 27C1E17C1A9F1A5A0035C02C /* KTNetworkUtility.h */; };
		27C1E17F1A9F1A5A0035C02C /* KTNetworkUtility.m in Sources */ = {isa = PBXBuildFile; fileRef = 27C1E17D1A9F1A5A0035C02C /* KTNetworkUtility.m */; };
		27C1E1821A9F1A620035C02C /* KTUtility.h in Headers */ = {isa = PBXBuildFile; fileRef = 27C1E1801A9F1A620035C02C /* KTUtility.h */; };
		27C1E1831A9F1A620035C02C /* KTUtility.m in Sources */ = {isa = PBXBuildFile; fileRef = 27C1E1811A9F1A620035C02C /* KTUtility.m */; };
		27C1E1861A9F1A7C0035C02C /* KTLocalizationSystem.h in Headers */ = {isa = PBXBuildFile; fileRef = 27C1E1841A9F1A7C0035C02C /* KTLocalizationSystem.h */; };
		27C1E1871A9F1A7C0035C02C /* KTLocalizationSystem.m in Sources */ = {isa = PBXBuildFile; fileRef = 27C1E1851A9F1A7C0035C02C /* KTLocalizationSystem.m */; };
		27C1E18A1A9F1A8E0035C02C /* SystemServices.h in Headers */ = {isa = PBXBuildFile; fileRef = 27C1E1881A9F1A8E0035C02C /* SystemServices.h */; };
		27C1E18B1A9F1A8E0035C02C /* SystemServices.m in Sources */ = {isa = PBXBuildFile; fileRef = 27C1E1891A9F1A8E0035C02C /* SystemServices.m */; };
		27C1E1AC1A9F1AA20035C02C /* NSObject+PerformBlockAfterDelay.h in Headers */ = {isa = PBXBuildFile; fileRef = 27C1E18D1A9F1AA20035C02C /* NSObject+PerformBlockAfterDelay.h */; };
		27C1E1AD1A9F1AA20035C02C /* NSObject+PerformBlockAfterDelay.m in Sources */ = {isa = PBXBuildFile; fileRef = 27C1E18E1A9F1AA20035C02C /* NSObject+PerformBlockAfterDelay.m */; };
		27C1E1AE1A9F1AA20035C02C /* SSAccelerometerInfo.h in Headers */ = {isa = PBXBuildFile; fileRef = 27C1E18F1A9F1AA20035C02C /* SSAccelerometerInfo.h */; };
		27C1E1AF1A9F1AA20035C02C /* SSAccelerometerInfo.m in Sources */ = {isa = PBXBuildFile; fileRef = 27C1E1901A9F1AA20035C02C /* SSAccelerometerInfo.m */; };
		27C1E1B01A9F1AA20035C02C /* SSAccessoryInfo.h in Headers */ = {isa = PBXBuildFile; fileRef = 27C1E1911A9F1AA20035C02C /* SSAccessoryInfo.h */; };
		27C1E1B11A9F1AA20035C02C /* SSAccessoryInfo.m in Sources */ = {isa = PBXBuildFile; fileRef = 27C1E1921A9F1AA20035C02C /* SSAccessoryInfo.m */; };
		27C1E1B21A9F1AA20035C02C /* SSApplicationInfo.h in Headers */ = {isa = PBXBuildFile; fileRef = 27C1E1931A9F1AA20035C02C /* SSApplicationInfo.h */; };
		27C1E1B31A9F1AA20035C02C /* SSApplicationInfo.m in Sources */ = {isa = PBXBuildFile; fileRef = 27C1E1941A9F1AA20035C02C /* SSApplicationInfo.m */; };
		27C1E1B41A9F1AA20035C02C /* SSBatteryInfo.h in Headers */ = {isa = PBXBuildFile; fileRef = 27C1E1951A9F1AA20035C02C /* SSBatteryInfo.h */; };
		27C1E1B51A9F1AA20035C02C /* SSBatteryInfo.m in Sources */ = {isa = PBXBuildFile; fileRef = 27C1E1961A9F1AA20035C02C /* SSBatteryInfo.m */; };
		27C1E1B61A9F1AA20035C02C /* SSCarrierInfo.h in Headers */ = {isa = PBXBuildFile; fileRef = 27C1E1971A9F1AA20035C02C /* SSCarrierInfo.h */; };
		27C1E1B71A9F1AA20035C02C /* SSCarrierInfo.m in Sources */ = {isa = PBXBuildFile; fileRef = 27C1E1981A9F1AA20035C02C /* SSCarrierInfo.m */; };
		27C1E1B81A9F1AA20035C02C /* SSDiskInfo.h in Headers */ = {isa = PBXBuildFile; fileRef = 27C1E1991A9F1AA20035C02C /* SSDiskInfo.h */; };
		27C1E1B91A9F1AA20035C02C /* SSDiskInfo.m in Sources */ = {isa = PBXBuildFile; fileRef = 27C1E19A1A9F1AA20035C02C /* SSDiskInfo.m */; };
		27C1E1BA1A9F1AA20035C02C /* SSHardwareInfo.h in Headers */ = {isa = PBXBuildFile; fileRef = 27C1E19B1A9F1AA20035C02C /* SSHardwareInfo.h */; };
		27C1E1BB1A9F1AA20035C02C /* SSHardwareInfo.m in Sources */ = {isa = PBXBuildFile; fileRef = 27C1E19C1A9F1AA20035C02C /* SSHardwareInfo.m */; };
		27C1E1BC1A9F1AA20035C02C /* SSJailbreakCheck.h in Headers */ = {isa = PBXBuildFile; fileRef = 27C1E19D1A9F1AA20035C02C /* SSJailbreakCheck.h */; };
		27C1E1BD1A9F1AA20035C02C /* SSJailbreakCheck.m in Sources */ = {isa = PBXBuildFile; fileRef = 27C1E19E1A9F1AA20035C02C /* SSJailbreakCheck.m */; };
		27C1E1BE1A9F1AA20035C02C /* SSLocalizationInfo.h in Headers */ = {isa = PBXBuildFile; fileRef = 27C1E19F1A9F1AA20035C02C /* SSLocalizationInfo.h */; };
		27C1E1BF1A9F1AA20035C02C /* SSLocalizationInfo.m in Sources */ = {isa = PBXBuildFile; fileRef = 27C1E1A01A9F1AA20035C02C /* SSLocalizationInfo.m */; };
		27C1E1C01A9F1AA20035C02C /* SSMemoryInfo.h in Headers */ = {isa = PBXBuildFile; fileRef = 27C1E1A11A9F1AA20035C02C /* SSMemoryInfo.h */; };
		27C1E1C11A9F1AA20035C02C /* SSMemoryInfo.m in Sources */ = {isa = PBXBuildFile; fileRef = 27C1E1A21A9F1AA20035C02C /* SSMemoryInfo.m */; };
		27C1E1C21A9F1AA20035C02C /* SSNetworkInfo.h in Headers */ = {isa = PBXBuildFile; fileRef = 27C1E1A31A9F1AA20035C02C /* SSNetworkInfo.h */; };
		27C1E1C31A9F1AA20035C02C /* SSNetworkInfo.m in Sources */ = {isa = PBXBuildFile; fileRef = 27C1E1A41A9F1AA20035C02C /* SSNetworkInfo.m */; };
		27C1E1C41A9F1AA20035C02C /* SSProcessInfo.h in Headers */ = {isa = PBXBuildFile; fileRef = 27C1E1A51A9F1AA20035C02C /* SSProcessInfo.h */; };
		27C1E1C51A9F1AA20035C02C /* SSProcessInfo.m in Sources */ = {isa = PBXBuildFile; fileRef = 27C1E1A61A9F1AA20035C02C /* SSProcessInfo.m */; };
		27C1E1C61A9F1AA20035C02C /* SSProcessorInfo.h in Headers */ = {isa = PBXBuildFile; fileRef = 27C1E1A71A9F1AA20035C02C /* SSProcessorInfo.h */; };
		27C1E1C71A9F1AA20035C02C /* SSProcessorInfo.m in Sources */ = {isa = PBXBuildFile; fileRef = 27C1E1A81A9F1AA20035C02C /* SSProcessorInfo.m */; };
		27C1E1C81A9F1AA20035C02C /* SSUUID.h in Headers */ = {isa = PBXBuildFile; fileRef = 27C1E1A91A9F1AA20035C02C /* SSUUID.h */; };
		27C1E1C91A9F1AA20035C02C /* SSUUID.m in Sources */ = {isa = PBXBuildFile; fileRef = 27C1E1AA1A9F1AA20035C02C /* SSUUID.m */; };
		27C1E1CA1A9F1AA20035C02C /* SystemServicesConstants.h in Headers */ = {isa = PBXBuildFile; fileRef = 27C1E1AB1A9F1AA20035C02C /* SystemServicesConstants.h */; };
		27C1E1CD1A9F1ADB0035C02C /* KTUILabelWithPadding.h in Headers */ = {isa = PBXBuildFile; fileRef = 27C1E1CB1A9F1ADB0035C02C /* KTUILabelWithPadding.h */; };
		27C1E1CE1A9F1ADB0035C02C /* KTUILabelWithPadding.m in Sources */ = {isa = PBXBuildFile; fileRef = 27C1E1CC1A9F1ADB0035C02C /* KTUILabelWithPadding.m */; };
		2B2A5E781A9DFFE700A12B80 /* KTUIImage+Utility.h in Headers */ = {isa = PBXBuildFile; fileRef = 2B2A5E761A9DFFE700A12B80 /* KTUIImage+Utility.h */; settings = {ATTRIBUTES = (Public, ); }; };
		2B2A5E791A9DFFE700A12B80 /* KTUIImage+Utility.m in Sources */ = {isa = PBXBuildFile; fileRef = 2B2A5E771A9DFFE700A12B80 /* KTUIImage+Utility.m */; };
		2B2A5E841A9E005C00A12B80 /* KTNSDate+Utility.h in Headers */ = {isa = PBXBuildFile; fileRef = 2B2A5E7A1A9E005C00A12B80 /* KTNSDate+Utility.h */; settings = {ATTRIBUTES = (Public, ); }; };
		2B2A5E851A9E005C00A12B80 /* KTNSDate+Utility.m in Sources */ = {isa = PBXBuildFile; fileRef = 2B2A5E7B1A9E005C00A12B80 /* KTNSDate+Utility.m */; };
		2B2A5E861A9E005C00A12B80 /* KTNSString+LeftPadding.h in Headers */ = {isa = PBXBuildFile; fileRef = 2B2A5E7C1A9E005C00A12B80 /* KTNSString+LeftPadding.h */; settings = {ATTRIBUTES = (Public, ); }; };
		2B2A5E871A9E005C00A12B80 /* KTNSString+LeftPadding.m in Sources */ = {isa = PBXBuildFile; fileRef = 2B2A5E7D1A9E005C00A12B80 /* KTNSString+LeftPadding.m */; };
		2B2A5E881A9E005C00A12B80 /* KTNSString+Utility.h in Headers */ = {isa = PBXBuildFile; fileRef = 2B2A5E7E1A9E005C00A12B80 /* KTNSString+Utility.h */; settings = {ATTRIBUTES = (Public, ); }; };
		2B2A5E891A9E005C00A12B80 /* KTNSString+Utility.m in Sources */ = {isa = PBXBuildFile; fileRef = 2B2A5E7F1A9E005C00A12B80 /* KTNSString+Utility.m */; };
		2B2A5E8A1A9E005C00A12B80 /* KTUILabel+VAlign.h in Headers */ = {isa = PBXBuildFile; fileRef = 2B2A5E801A9E005C00A12B80 /* KTUILabel+VAlign.h */; settings = {ATTRIBUTES = (Public, ); }; };
		2B2A5E8B1A9E005C00A12B80 /* KTUILabel+VAlign.m in Sources */ = {isa = PBXBuildFile; fileRef = 2B2A5E811A9E005C00A12B80 /* KTUILabel+VAlign.m */; };
		2B2A5E8C1A9E005C00A12B80 /* KTUIView+Utility.h in Headers */ = {isa = PBXBuildFile; fileRef = 2B2A5E821A9E005C00A12B80 /* KTUIView+Utility.h */; settings = {ATTRIBUTES = (Public, ); }; };
		2B2A5E8D1A9E005C00A12B80 /* KTUIView+Utility.m in Sources */ = {isa = PBXBuildFile; fileRef = 2B2A5E831A9E005C00A12B80 /* KTUIView+Utility.m */; };
		2B9E99C71A9DE8CB0001F496 /* KTUIColor+Utility.h in Headers */ = {isa = PBXBuildFile; fileRef = 2B9E99C51A9DE8CB0001F496 /* KTUIColor+Utility.h */; settings = {ATTRIBUTES = (Public, ); }; };
		2B9E99C81A9DE8CB0001F496 /* KTUIColor+Utility.m in Sources */ = {isa = PBXBuildFile; fileRef = 2B9E99C61A9DE8CB0001F496 /* KTUIColor+Utility.m */; };
		2BAD2CB71A9DD6D5006729D4 /* kactus.h in Headers */ = {isa = PBXBuildFile; fileRef = 2BAD2CB61A9DD6D5006729D4 /* kactus.h */; settings = {ATTRIBUTES = (Public, ); }; };
		2BAD2CBD1A9DD6D6006729D4 /* kactus.framework in Frameworks */ = {isa = PBXBuildFile; fileRef = 2BAD2CB11A9DD6D5006729D4 /* kactus.framework */; };
		2BAD2CC41A9DD6D6006729D4 /* kactusTests.m in Sources */ = {isa = PBXBuildFile; fileRef = 2BAD2CC31A9DD6D6006729D4 /* kactusTests.m */; };
/* End PBXBuildFile section */

/* Begin PBXContainerItemProxy section */
		2BAD2CBE1A9DD6D6006729D4 /* PBXContainerItemProxy */ = {
			isa = PBXContainerItemProxy;
			containerPortal = 2BAD2CA81A9DD6D5006729D4 /* Project object */;
			proxyType = 1;
			remoteGlobalIDString = 2BAD2CB01A9DD6D5006729D4;
			remoteInfo = kactus;
		};
/* End PBXContainerItemProxy section */

/* Begin PBXFileReference section */
		271C6E191AAD9B67007C0801 /* KTNSMutableAttributedString+HTMLParsing.h */ = {isa = PBXFileReference; fileEncoding = 4; lastKnownFileType = sourcecode.c.h; path = "KTNSMutableAttributedString+HTMLParsing.h"; sourceTree = "<group>"; };
		271C6E1A1AAD9B67007C0801 /* KTNSMutableAttributedString+HTMLParsing.m */ = {isa = PBXFileReference; fileEncoding = 4; lastKnownFileType = sourcecode.c.objc; path = "KTNSMutableAttributedString+HTMLParsing.m"; sourceTree = "<group>"; };
		27C1E1621A9F182A0035C02C /* KTCAGradientLayer+SJSGradients.h */ = {isa = PBXFileReference; fileEncoding = 4; lastKnownFileType = sourcecode.c.h; path = "KTCAGradientLayer+SJSGradients.h"; sourceTree = "<group>"; };
		27C1E1631A9F182A0035C02C /* KTCAGradientLayer+SJSGradients.m */ = {isa = PBXFileReference; fileEncoding = 4; lastKnownFileType = sourcecode.c.objc; path = "KTCAGradientLayer+SJSGradients.m"; sourceTree = "<group>"; };
		27C1E1661A9F18600035C02C /* KTNSString+IPValidation.h */ = {isa = PBXFileReference; fileEncoding = 4; lastKnownFileType = sourcecode.c.h; path = "KTNSString+IPValidation.h"; sourceTree = "<group>"; };
		27C1E1671A9F18600035C02C /* KTNSString+IPValidation.m */ = {isa = PBXFileReference; fileEncoding = 4; lastKnownFileType = sourcecode.c.objc; path = "KTNSString+IPValidation.m"; sourceTree = "<group>"; };
		27C1E16A1A9F18850035C02C /* KTNSThread+ManyObjects.h */ = {isa = PBXFileReference; fileEncoding = 4; lastKnownFileType = sourcecode.c.h; path = "KTNSThread+ManyObjects.h"; sourceTree = "<group>"; };
		27C1E16B1A9F18850035C02C /* KTNSThread+ManyObjects.m */ = {isa = PBXFileReference; fileEncoding = 4; lastKnownFileType = sourcecode.c.objc; path = "KTNSThread+ManyObjects.m"; sourceTree = "<group>"; };
		27C1E16E1A9F18EE0035C02C /* KTUIImagePickerController+NonRotating.h */ = {isa = PBXFileReference; fileEncoding = 4; lastKnownFileType = sourcecode.c.h; path = "KTUIImagePickerController+NonRotating.h"; sourceTree = "<group>"; };
		27C1E16F1A9F18EE0035C02C /* KTUIImagePickerController+NonRotating.m */ = {isa = PBXFileReference; fileEncoding = 4; lastKnownFileType = sourcecode.c.objc; path = "KTUIImagePickerController+NonRotating.m"; sourceTree = "<group>"; };
		27C1E1721A9F190F0035C02C /* KTUIView+JTViewToImage.h */ = {isa = PBXFileReference; fileEncoding = 4; lastKnownFileType = sourcecode.c.h; path = "KTUIView+JTViewToImage.h"; sourceTree = "<group>"; };
		27C1E1731A9F190F0035C02C /* KTUIView+JTViewToImage.m */ = {isa = PBXFileReference; fileEncoding = 4; lastKnownFileType = sourcecode.c.objc; path = "KTUIView+JTViewToImage.m"; sourceTree = "<group>"; };
		27C1E17C1A9F1A5A0035C02C /* KTNetworkUtility.h */ = {isa = PBXFileReference; fileEncoding = 4; lastKnownFileType = sourcecode.c.h; path = KTNetworkUtility.h; sourceTree = "<group>"; };
		27C1E17D1A9F1A5A0035C02C /* KTNetworkUtility.m */ = {isa = PBXFileReference; fileEncoding = 4; lastKnownFileType = sourcecode.c.objc; path = KTNetworkUtility.m; sourceTree = "<group>"; };
		27C1E1801A9F1A620035C02C /* KTUtility.h */ = {isa = PBXFileReference; fileEncoding = 4; lastKnownFileType = sourcecode.c.h; path = KTUtility.h; sourceTree = "<group>"; };
		27C1E1811A9F1A620035C02C /* KTUtility.m */ = {isa = PBXFileReference; fileEncoding = 4; lastKnownFileType = sourcecode.c.objc; path = KTUtility.m; sourceTree = "<group>"; };
		27C1E1841A9F1A7C0035C02C /* KTLocalizationSystem.h */ = {isa = PBXFileReference; fileEncoding = 4; lastKnownFileType = sourcecode.c.h; path = KTLocalizationSystem.h; sourceTree = "<group>"; };
		27C1E1851A9F1A7C0035C02C /* KTLocalizationSystem.m */ = {isa = PBXFileReference; fileEncoding = 4; lastKnownFileType = sourcecode.c.objc; path = KTLocalizationSystem.m; sourceTree = "<group>"; };
		27C1E1881A9F1A8E0035C02C /* SystemServices.h */ = {isa = PBXFileReference; fileEncoding = 4; lastKnownFileType = sourcecode.c.h; path = SystemServices.h; sourceTree = "<group>"; };
		27C1E1891A9F1A8E0035C02C /* SystemServices.m */ = {isa = PBXFileReference; fileEncoding = 4; lastKnownFileType = sourcecode.c.objc; path = SystemServices.m; sourceTree = "<group>"; };
		27C1E18D1A9F1AA20035C02C /* NSObject+PerformBlockAfterDelay.h */ = {isa = PBXFileReference; fileEncoding = 4; lastKnownFileType = sourcecode.c.h; path = "NSObject+PerformBlockAfterDelay.h"; sourceTree = "<group>"; };
		27C1E18E1A9F1AA20035C02C /* NSObject+PerformBlockAfterDelay.m */ = {isa = PBXFileReference; fileEncoding = 4; lastKnownFileType = sourcecode.c.objc; path = "NSObject+PerformBlockAfterDelay.m"; sourceTree = "<group>"; };
		27C1E18F1A9F1AA20035C02C /* SSAccelerometerInfo.h */ = {isa = PBXFileReference; fileEncoding = 4; lastKnownFileType = sourcecode.c.h; path = SSAccelerometerInfo.h; sourceTree = "<group>"; };
		27C1E1901A9F1AA20035C02C /* SSAccelerometerInfo.m */ = {isa = PBXFileReference; fileEncoding = 4; lastKnownFileType = sourcecode.c.objc; path = SSAccelerometerInfo.m; sourceTree = "<group>"; };
		27C1E1911A9F1AA20035C02C /* SSAccessoryInfo.h */ = {isa = PBXFileReference; fileEncoding = 4; lastKnownFileType = sourcecode.c.h; path = SSAccessoryInfo.h; sourceTree = "<group>"; };
		27C1E1921A9F1AA20035C02C /* SSAccessoryInfo.m */ = {isa = PBXFileReference; fileEncoding = 4; lastKnownFileType = sourcecode.c.objc; path = SSAccessoryInfo.m; sourceTree = "<group>"; };
		27C1E1931A9F1AA20035C02C /* SSApplicationInfo.h */ = {isa = PBXFileReference; fileEncoding = 4; lastKnownFileType = sourcecode.c.h; path = SSApplicationInfo.h; sourceTree = "<group>"; };
		27C1E1941A9F1AA20035C02C /* SSApplicationInfo.m */ = {isa = PBXFileReference; fileEncoding = 4; lastKnownFileType = sourcecode.c.objc; path = SSApplicationInfo.m; sourceTree = "<group>"; };
		27C1E1951A9F1AA20035C02C /* SSBatteryInfo.h */ = {isa = PBXFileReference; fileEncoding = 4; lastKnownFileType = sourcecode.c.h; path = SSBatteryInfo.h; sourceTree = "<group>"; };
		27C1E1961A9F1AA20035C02C /* SSBatteryInfo.m */ = {isa = PBXFileReference; fileEncoding = 4; lastKnownFileType = sourcecode.c.objc; path = SSBatteryInfo.m; sourceTree = "<group>"; };
		27C1E1971A9F1AA20035C02C /* SSCarrierInfo.h */ = {isa = PBXFileReference; fileEncoding = 4; lastKnownFileType = sourcecode.c.h; path = SSCarrierInfo.h; sourceTree = "<group>"; };
		27C1E1981A9F1AA20035C02C /* SSCarrierInfo.m */ = {isa = PBXFileReference; fileEncoding = 4; lastKnownFileType = sourcecode.c.objc; path = SSCarrierInfo.m; sourceTree = "<group>"; };
		27C1E1991A9F1AA20035C02C /* SSDiskInfo.h */ = {isa = PBXFileReference; fileEncoding = 4; lastKnownFileType = sourcecode.c.h; path = SSDiskInfo.h; sourceTree = "<group>"; };
		27C1E19A1A9F1AA20035C02C /* SSDiskInfo.m */ = {isa = PBXFileReference; fileEncoding = 4; lastKnownFileType = sourcecode.c.objc; path = SSDiskInfo.m; sourceTree = "<group>"; };
		27C1E19B1A9F1AA20035C02C /* SSHardwareInfo.h */ = {isa = PBXFileReference; fileEncoding = 4; lastKnownFileType = sourcecode.c.h; path = SSHardwareInfo.h; sourceTree = "<group>"; };
		27C1E19C1A9F1AA20035C02C /* SSHardwareInfo.m */ = {isa = PBXFileReference; fileEncoding = 4; lastKnownFileType = sourcecode.c.objc; path = SSHardwareInfo.m; sourceTree = "<group>"; };
		27C1E19D1A9F1AA20035C02C /* SSJailbreakCheck.h */ = {isa = PBXFileReference; fileEncoding = 4; lastKnownFileType = sourcecode.c.h; path = SSJailbreakCheck.h; sourceTree = "<group>"; };
		27C1E19E1A9F1AA20035C02C /* SSJailbreakCheck.m */ = {isa = PBXFileReference; fileEncoding = 4; lastKnownFileType = sourcecode.c.objc; path = SSJailbreakCheck.m; sourceTree = "<group>"; };
		27C1E19F1A9F1AA20035C02C /* SSLocalizationInfo.h */ = {isa = PBXFileReference; fileEncoding = 4; lastKnownFileType = sourcecode.c.h; path = SSLocalizationInfo.h; sourceTree = "<group>"; };
		27C1E1A01A9F1AA20035C02C /* SSLocalizationInfo.m */ = {isa = PBXFileReference; fileEncoding = 4; lastKnownFileType = sourcecode.c.objc; path = SSLocalizationInfo.m; sourceTree = "<group>"; };
		27C1E1A11A9F1AA20035C02C /* SSMemoryInfo.h */ = {isa = PBXFileReference; fileEncoding = 4; lastKnownFileType = sourcecode.c.h; path = SSMemoryInfo.h; sourceTree = "<group>"; };
		27C1E1A21A9F1AA20035C02C /* SSMemoryInfo.m */ = {isa = PBXFileReference; fileEncoding = 4; lastKnownFileType = sourcecode.c.objc; path = SSMemoryInfo.m; sourceTree = "<group>"; };
		27C1E1A31A9F1AA20035C02C /* SSNetworkInfo.h */ = {isa = PBXFileReference; fileEncoding = 4; lastKnownFileType = sourcecode.c.h; path = SSNetworkInfo.h; sourceTree = "<group>"; };
		27C1E1A41A9F1AA20035C02C /* SSNetworkInfo.m */ = {isa = PBXFileReference; fileEncoding = 4; lastKnownFileType = sourcecode.c.objc; path = SSNetworkInfo.m; sourceTree = "<group>"; };
		27C1E1A51A9F1AA20035C02C /* SSProcessInfo.h */ = {isa = PBXFileReference; fileEncoding = 4; lastKnownFileType = sourcecode.c.h; path = SSProcessInfo.h; sourceTree = "<group>"; };
		27C1E1A61A9F1AA20035C02C /* SSProcessInfo.m */ = {isa = PBXFileReference; fileEncoding = 4; lastKnownFileType = sourcecode.c.objc; path = SSProcessInfo.m; sourceTree = "<group>"; };
		27C1E1A71A9F1AA20035C02C /* SSProcessorInfo.h */ = {isa = PBXFileReference; fileEncoding = 4; lastKnownFileType = sourcecode.c.h; path = SSProcessorInfo.h; sourceTree = "<group>"; };
		27C1E1A81A9F1AA20035C02C /* SSProcessorInfo.m */ = {isa = PBXFileReference; fileEncoding = 4; lastKnownFileType = sourcecode.c.objc; path = SSProcessorInfo.m; sourceTree = "<group>"; };
		27C1E1A91A9F1AA20035C02C /* SSUUID.h */ = {isa = PBXFileReference; fileEncoding = 4; lastKnownFileType = sourcecode.c.h; path = SSUUID.h; sourceTree = "<group>"; };
		27C1E1AA1A9F1AA20035C02C /* SSUUID.m */ = {isa = PBXFileReference; fileEncoding = 4; lastKnownFileType = sourcecode.c.objc; path = SSUUID.m; sourceTree = "<group>"; };
		27C1E1AB1A9F1AA20035C02C /* SystemServicesConstants.h */ = {isa = PBXFileReference; fileEncoding = 4; lastKnownFileType = sourcecode.c.h; path = SystemServicesConstants.h; sourceTree = "<group>"; };
		27C1E1CB1A9F1ADB0035C02C /* KTUILabelWithPadding.h */ = {isa = PBXFileReference; fileEncoding = 4; lastKnownFileType = sourcecode.c.h; path = KTUILabelWithPadding.h; sourceTree = "<group>"; };
		27C1E1CC1A9F1ADB0035C02C /* KTUILabelWithPadding.m */ = {isa = PBXFileReference; fileEncoding = 4; lastKnownFileType = sourcecode.c.objc; path = KTUILabelWithPadding.m; sourceTree = "<group>"; };
		2B2A5E761A9DFFE700A12B80 /* KTUIImage+Utility.h */ = {isa = PBXFileReference; fileEncoding = 4; lastKnownFileType = sourcecode.c.h; path = "KTUIImage+Utility.h"; sourceTree = "<group>"; };
		2B2A5E771A9DFFE700A12B80 /* KTUIImage+Utility.m */ = {isa = PBXFileReference; fileEncoding = 4; lastKnownFileType = sourcecode.c.objc; path = "KTUIImage+Utility.m"; sourceTree = "<group>"; };
		2B2A5E7A1A9E005C00A12B80 /* KTNSDate+Utility.h */ = {isa = PBXFileReference; fileEncoding = 4; lastKnownFileType = sourcecode.c.h; path = "KTNSDate+Utility.h"; sourceTree = "<group>"; };
		2B2A5E7B1A9E005C00A12B80 /* KTNSDate+Utility.m */ = {isa = PBXFileReference; fileEncoding = 4; lastKnownFileType = sourcecode.c.objc; path = "KTNSDate+Utility.m"; sourceTree = "<group>"; };
		2B2A5E7C1A9E005C00A12B80 /* KTNSString+LeftPadding.h */ = {isa = PBXFileReference; fileEncoding = 4; lastKnownFileType = sourcecode.c.h; path = "KTNSString+LeftPadding.h"; sourceTree = "<group>"; };
		2B2A5E7D1A9E005C00A12B80 /* KTNSString+LeftPadding.m */ = {isa = PBXFileReference; fileEncoding = 4; lastKnownFileType = sourcecode.c.objc; path = "KTNSString+LeftPadding.m"; sourceTree = "<group>"; };
		2B2A5E7E1A9E005C00A12B80 /* KTNSString+Utility.h */ = {isa = PBXFileReference; fileEncoding = 4; lastKnownFileType = sourcecode.c.h; path = "KTNSString+Utility.h"; sourceTree = "<group>"; };
		2B2A5E7F1A9E005C00A12B80 /* KTNSString+Utility.m */ = {isa = PBXFileReference; fileEncoding = 4; lastKnownFileType = sourcecode.c.objc; path = "KTNSString+Utility.m"; sourceTree = "<group>"; };
		2B2A5E801A9E005C00A12B80 /* KTUILabel+VAlign.h */ = {isa = PBXFileReference; fileEncoding = 4; lastKnownFileType = sourcecode.c.h; path = "KTUILabel+VAlign.h"; sourceTree = "<group>"; };
		2B2A5E811A9E005C00A12B80 /* KTUILabel+VAlign.m */ = {isa = PBXFileReference; fileEncoding = 4; lastKnownFileType = sourcecode.c.objc; path = "KTUILabel+VAlign.m"; sourceTree = "<group>"; };
		2B2A5E821A9E005C00A12B80 /* KTUIView+Utility.h */ = {isa = PBXFileReference; fileEncoding = 4; lastKnownFileType = sourcecode.c.h; path = "KTUIView+Utility.h"; sourceTree = "<group>"; };
		2B2A5E831A9E005C00A12B80 /* KTUIView+Utility.m */ = {isa = PBXFileReference; fileEncoding = 4; lastKnownFileType = sourcecode.c.objc; path = "KTUIView+Utility.m"; sourceTree = "<group>"; };
		2B9E99C51A9DE8CB0001F496 /* KTUIColor+Utility.h */ = {isa = PBXFileReference; fileEncoding = 4; lastKnownFileType = sourcecode.c.h; path = "KTUIColor+Utility.h"; sourceTree = "<group>"; };
		2B9E99C61A9DE8CB0001F496 /* KTUIColor+Utility.m */ = {isa = PBXFileReference; fileEncoding = 4; lastKnownFileType = sourcecode.c.objc; path = "KTUIColor+Utility.m"; sourceTree = "<group>"; };
		2BAD2CB11A9DD6D5006729D4 /* kactus.framework */ = {isa = PBXFileReference; explicitFileType = wrapper.framework; includeInIndex = 0; path = kactus.framework; sourceTree = BUILT_PRODUCTS_DIR; };
		2BAD2CB51A9DD6D5006729D4 /* Info.plist */ = {isa = PBXFileReference; lastKnownFileType = text.plist.xml; path = Info.plist; sourceTree = "<group>"; };
		2BAD2CB61A9DD6D5006729D4 /* kactus.h */ = {isa = PBXFileReference; lastKnownFileType = sourcecode.c.h; path = kactus.h; sourceTree = "<group>"; };
		2BAD2CBC1A9DD6D6006729D4 /* kactusTests.xctest */ = {isa = PBXFileReference; explicitFileType = wrapper.cfbundle; includeInIndex = 0; path = kactusTests.xctest; sourceTree = BUILT_PRODUCTS_DIR; };
		2BAD2CC21A9DD6D6006729D4 /* Info.plist */ = {isa = PBXFileReference; lastKnownFileType = text.plist.xml; path = Info.plist; sourceTree = "<group>"; };
		2BAD2CC31A9DD6D6006729D4 /* kactusTests.m */ = {isa = PBXFileReference; lastKnownFileType = sourcecode.c.objc; path = kactusTests.m; sourceTree = "<group>"; };
/* End PBXFileReference section */

/* Begin PBXFrameworksBuildPhase section */
		2BAD2CAD1A9DD6D5006729D4 /* Frameworks */ = {
			isa = PBXFrameworksBuildPhase;
			buildActionMask = 2147483647;
			files = (
			);
			runOnlyForDeploymentPostprocessing = 0;
		};
		2BAD2CB91A9DD6D6006729D4 /* Frameworks */ = {
			isa = PBXFrameworksBuildPhase;
			buildActionMask = 2147483647;
			files = (
				2BAD2CBD1A9DD6D6006729D4 /* kactus.framework in Frameworks */,
			);
			runOnlyForDeploymentPostprocessing = 0;
		};
/* End PBXFrameworksBuildPhase section */

/* Begin PBXGroup section */
		27C1E1761A9F19CB0035C02C /* Class */ = {
			isa = PBXGroup;
			children = (
				27C1E17B1A9F1A490035C02C /* Utility */,
				27C1E17A1A9F1A390035C02C /* Networking */,
			);
			name = Class;
			sourceTree = "<group>";
		};
		27C1E1771A9F19DC0035C02C /* Localization */ = {
			isa = PBXGroup;
			children = (
				27C1E1841A9F1A7C0035C02C /* KTLocalizationSystem.h */,
				27C1E1851A9F1A7C0035C02C /* KTLocalizationSystem.m */,
			);
			name = Localization;
			sourceTree = "<group>";
		};
		27C1E1781A9F19E80035C02C /* SystemServicesInfo */ = {
			isa = PBXGroup;
			children = (
				27C1E18C1A9F1A910035C02C /* Utilities */,
				27C1E1881A9F1A8E0035C02C /* SystemServices.h */,
				27C1E1891A9F1A8E0035C02C /* SystemServices.m */,
			);
			name = SystemServicesInfo;
			sourceTree = "<group>";
		};
		27C1E1791A9F1A100035C02C /* SubClass */ = {
			isa = PBXGroup;
			children = (
				27C1E1CB1A9F1ADB0035C02C /* KTUILabelWithPadding.h */,
				27C1E1CC1A9F1ADB0035C02C /* KTUILabelWithPadding.m */,
			);
			name = SubClass;
			sourceTree = "<group>";
		};
		27C1E17A1A9F1A390035C02C /* Networking */ = {
			isa = PBXGroup;
			children = (
				27C1E17C1A9F1A5A0035C02C /* KTNetworkUtility.h */,
				27C1E17D1A9F1A5A0035C02C /* KTNetworkUtility.m */,
			);
			name = Networking;
			sourceTree = "<group>";
		};
		27C1E17B1A9F1A490035C02C /* Utility */ = {
			isa = PBXGroup;
			children = (
				27C1E1801A9F1A620035C02C /* KTUtility.h */,
				27C1E1811A9F1A620035C02C /* KTUtility.m */,
			);
			name = Utility;
			sourceTree = "<group>";
		};
		27C1E18C1A9F1A910035C02C /* Utilities */ = {
			isa = PBXGroup;
			children = (
				27C1E18D1A9F1AA20035C02C /* NSObject+PerformBlockAfterDelay.h */,
				27C1E18E1A9F1AA20035C02C /* NSObject+PerformBlockAfterDelay.m */,
				27C1E18F1A9F1AA20035C02C /* SSAccelerometerInfo.h */,
				27C1E1901A9F1AA20035C02C /* SSAccelerometerInfo.m */,
				27C1E1911A9F1AA20035C02C /* SSAccessoryInfo.h */,
				27C1E1921A9F1AA20035C02C /* SSAccessoryInfo.m */,
				27C1E1931A9F1AA20035C02C /* SSApplicationInfo.h */,
				27C1E1941A9F1AA20035C02C /* SSApplicationInfo.m */,
				27C1E1951A9F1AA20035C02C /* SSBatteryInfo.h */,
				27C1E1961A9F1AA20035C02C /* SSBatteryInfo.m */,
				27C1E1971A9F1AA20035C02C /* SSCarrierInfo.h */,
				27C1E1981A9F1AA20035C02C /* SSCarrierInfo.m */,
				27C1E1991A9F1AA20035C02C /* SSDiskInfo.h */,
				27C1E19A1A9F1AA20035C02C /* SSDiskInfo.m */,
				27C1E19B1A9F1AA20035C02C /* SSHardwareInfo.h */,
				27C1E19C1A9F1AA20035C02C /* SSHardwareInfo.m */,
				27C1E19D1A9F1AA20035C02C /* SSJailbreakCheck.h */,
				27C1E19E1A9F1AA20035C02C /* SSJailbreakCheck.m */,
				27C1E19F1A9F1AA20035C02C /* SSLocalizationInfo.h */,
				27C1E1A01A9F1AA20035C02C /* SSLocalizationInfo.m */,
				27C1E1A11A9F1AA20035C02C /* SSMemoryInfo.h */,
				27C1E1A21A9F1AA20035C02C /* SSMemoryInfo.m */,
				27C1E1A31A9F1AA20035C02C /* SSNetworkInfo.h */,
				27C1E1A41A9F1AA20035C02C /* SSNetworkInfo.m */,
				27C1E1A51A9F1AA20035C02C /* SSProcessInfo.h */,
				27C1E1A61A9F1AA20035C02C /* SSProcessInfo.m */,
				27C1E1A71A9F1AA20035C02C /* SSProcessorInfo.h */,
				27C1E1A81A9F1AA20035C02C /* SSProcessorInfo.m */,
				27C1E1A91A9F1AA20035C02C /* SSUUID.h */,
				27C1E1AA1A9F1AA20035C02C /* SSUUID.m */,
				27C1E1AB1A9F1AA20035C02C /* SystemServicesConstants.h */,
			);
			name = Utilities;
			sourceTree = "<group>";
		};
		2B9E99C41A9DE8BC0001F496 /* Category */ = {
			isa = PBXGroup;
			children = (
				27C1E1621A9F182A0035C02C /* KTCAGradientLayer+SJSGradients.h */,
				27C1E1631A9F182A0035C02C /* KTCAGradientLayer+SJSGradients.m */,
				2B2A5E7A1A9E005C00A12B80 /* KTNSDate+Utility.h */,
				2B2A5E7B1A9E005C00A12B80 /* KTNSDate+Utility.m */,
				271C6E191AAD9B67007C0801 /* KTNSMutableAttributedString+HTMLParsing.h */,
				271C6E1A1AAD9B67007C0801 /* KTNSMutableAttributedString+HTMLParsing.m */,
				27C1E1661A9F18600035C02C /* KTNSString+IPValidation.h */,
				27C1E1671A9F18600035C02C /* KTNSString+IPValidation.m */,
				2B2A5E7C1A9E005C00A12B80 /* KTNSString+LeftPadding.h */,
				2B2A5E7D1A9E005C00A12B80 /* KTNSString+LeftPadding.m */,
				2B2A5E7E1A9E005C00A12B80 /* KTNSString+Utility.h */,
				2B2A5E7F1A9E005C00A12B80 /* KTNSString+Utility.m */,
				27C1E16A1A9F18850035C02C /* KTNSThread+ManyObjects.h */,
				27C1E16B1A9F18850035C02C /* KTNSThread+ManyObjects.m */,
				2B9E99C51A9DE8CB0001F496 /* KTUIColor+Utility.h */,
				2B9E99C61A9DE8CB0001F496 /* KTUIColor+Utility.m */,
				2B2A5E761A9DFFE700A12B80 /* KTUIImage+Utility.h */,
				2B2A5E771A9DFFE700A12B80 /* KTUIImage+Utility.m */,
				27C1E16E1A9F18EE0035C02C /* KTUIImagePickerController+NonRotating.h */,
				27C1E16F1A9F18EE0035C02C /* KTUIImagePickerController+NonRotating.m */,
				2B2A5E801A9E005C00A12B80 /* KTUILabel+VAlign.h */,
				2B2A5E811A9E005C00A12B80 /* KTUILabel+VAlign.m */,
				27C1E1721A9F190F0035C02C /* KTUIView+JTViewToImage.h */,
				27C1E1731A9F190F0035C02C /* KTUIView+JTViewToImage.m */,
				2B2A5E821A9E005C00A12B80 /* KTUIView+Utility.h */,
				2B2A5E831A9E005C00A12B80 /* KTUIView+Utility.m */,
			);
			name = Category;
			sourceTree = "<group>";
		};
		2BAD2CA71A9DD6D5006729D4 = {
			isa = PBXGroup;
			children = (
				2BAD2CB31A9DD6D5006729D4 /* kactus */,
				2BAD2CC01A9DD6D6006729D4 /* kactusTests */,
				2BAD2CB21A9DD6D5006729D4 /* Products */,
			);
			sourceTree = "<group>";
		};
		2BAD2CB21A9DD6D5006729D4 /* Products */ = {
			isa = PBXGroup;
			children = (
				2BAD2CB11A9DD6D5006729D4 /* kactus.framework */,
				2BAD2CBC1A9DD6D6006729D4 /* kactusTests.xctest */,
			);
			name = Products;
			sourceTree = "<group>";
		};
		2BAD2CB31A9DD6D5006729D4 /* kactus */ = {
			isa = PBXGroup;
			children = (
				2B9E99C41A9DE8BC0001F496 /* Category */,
				27C1E1761A9F19CB0035C02C /* Class */,
				2BAD2CB61A9DD6D5006729D4 /* kactus.h */,
				27C1E1771A9F19DC0035C02C /* Localization */,
				27C1E1791A9F1A100035C02C /* SubClass */,
				2BAD2CB41A9DD6D5006729D4 /* Supporting Files */,
				27C1E1781A9F19E80035C02C /* SystemServicesInfo */,
			);
			path = kactus;
			sourceTree = "<group>";
		};
		2BAD2CB41A9DD6D5006729D4 /* Supporting Files */ = {
			isa = PBXGroup;
			children = (
				2BAD2CB51A9DD6D5006729D4 /* Info.plist */,
			);
			name = "Supporting Files";
			sourceTree = "<group>";
		};
		2BAD2CC01A9DD6D6006729D4 /* kactusTests */ = {
			isa = PBXGroup;
			children = (
				2BAD2CC31A9DD6D6006729D4 /* kactusTests.m */,
				2BAD2CC11A9DD6D6006729D4 /* Supporting Files */,
			);
			path = kactusTests;
			sourceTree = "<group>";
		};
		2BAD2CC11A9DD6D6006729D4 /* Supporting Files */ = {
			isa = PBXGroup;
			children = (
				2BAD2CC21A9DD6D6006729D4 /* Info.plist */,
			);
			name = "Supporting Files";
			sourceTree = "<group>";
		};
/* End PBXGroup section */

/* Begin PBXHeadersBuildPhase section */
		2BAD2CAE1A9DD6D5006729D4 /* Headers */ = {
			isa = PBXHeadersBuildPhase;
			buildActionMask = 2147483647;
			files = (
				2B2A5E841A9E005C00A12B80 /* KTNSDate+Utility.h in Headers */,
				27C1E1B01A9F1AA20035C02C /* SSAccessoryInfo.h in Headers */,
				271C6E1B1AAD9B67007C0801 /* KTNSMutableAttributedString+HTMLParsing.h in Headers */,
				27C1E1C41A9F1AA20035C02C /* SSProcessInfo.h in Headers */,
				27C1E1B41A9F1AA20035C02C /* SSBatteryInfo.h in Headers */,
				27C1E1741A9F190F0035C02C /* KTUIView+JTViewToImage.h in Headers */,
				2B2A5E781A9DFFE700A12B80 /* KTUIImage+Utility.h in Headers */,
				27C1E1BC1A9F1AA20035C02C /* SSJailbreakCheck.h in Headers */,
				27C1E1C61A9F1AA20035C02C /* SSProcessorInfo.h in Headers */,
				27C1E1641A9F182A0035C02C /* KTCAGradientLayer+SJSGradients.h in Headers */,
				27C1E1CD1A9F1ADB0035C02C /* KTUILabelWithPadding.h in Headers */,
				27C1E1B21A9F1AA20035C02C /* SSApplicationInfo.h in Headers */,
				2B2A5E881A9E005C00A12B80 /* KTNSString+Utility.h in Headers */,
				27C1E1AE1A9F1AA20035C02C /* SSAccelerometerInfo.h in Headers */,
				27C1E1681A9F18600035C02C /* KTNSString+IPValidation.h in Headers */,
				2B2A5E861A9E005C00A12B80 /* KTNSString+LeftPadding.h in Headers */,
				27C1E1821A9F1A620035C02C /* KTUtility.h in Headers */,
				27C1E1861A9F1A7C0035C02C /* KTLocalizationSystem.h in Headers */,
				2B2A5E8C1A9E005C00A12B80 /* KTUIView+Utility.h in Headers */,
				27C1E1C01A9F1AA20035C02C /* SSMemoryInfo.h in Headers */,
				27C1E18A1A9F1A8E0035C02C /* SystemServices.h in Headers */,
				27C1E1BE1A9F1AA20035C02C /* SSLocalizationInfo.h in Headers */,
				27C1E1B81A9F1AA20035C02C /* SSDiskInfo.h in Headers */,
				27C1E1CA1A9F1AA20035C02C /* SystemServicesConstants.h in Headers */,
				27C1E16C1A9F18850035C02C /* KTNSThread+ManyObjects.h in Headers */,
				27C1E1701A9F18EE0035C02C /* KTUIImagePickerController+NonRotating.h in Headers */,
				2B2A5E8A1A9E005C00A12B80 /* KTUILabel+VAlign.h in Headers */,
				2B9E99C71A9DE8CB0001F496 /* KTUIColor+Utility.h in Headers */,
				27C1E1BA1A9F1AA20035C02C /* SSHardwareInfo.h in Headers */,
				27C1E1AC1A9F1AA20035C02C /* NSObject+PerformBlockAfterDelay.h in Headers */,
				27C1E1C81A9F1AA20035C02C /* SSUUID.h in Headers */,
				27C1E1B61A9F1AA20035C02C /* SSCarrierInfo.h in Headers */,
				27C1E1C21A9F1AA20035C02C /* SSNetworkInfo.h in Headers */,
				27C1E17E1A9F1A5A0035C02C /* KTNetworkUtility.h in Headers */,
				2BAD2CB71A9DD6D5006729D4 /* kactus.h in Headers */,
			);
			runOnlyForDeploymentPostprocessing = 0;
		};
/* End PBXHeadersBuildPhase section */

/* Begin PBXNativeTarget section */
		2BAD2CB01A9DD6D5006729D4 /* kactus */ = {
			isa = PBXNativeTarget;
			buildConfigurationList = 2BAD2CC71A9DD6D6006729D4 /* Build configuration list for PBXNativeTarget "kactus" */;
			buildPhases = (
				2BAD2CAC1A9DD6D5006729D4 /* Sources */,
				2BAD2CAD1A9DD6D5006729D4 /* Frameworks */,
				2BAD2CAE1A9DD6D5006729D4 /* Headers */,
				2BAD2CAF1A9DD6D5006729D4 /* Resources */,
			);
			buildRules = (
			);
			dependencies = (
			);
			name = kactus;
			productName = kactus;
			productReference = 2BAD2CB11A9DD6D5006729D4 /* kactus.framework */;
			productType = "com.apple.product-type.framework";
		};
		2BAD2CBB1A9DD6D6006729D4 /* kactusTests */ = {
			isa = PBXNativeTarget;
			buildConfigurationList = 2BAD2CCA1A9DD6D6006729D4 /* Build configuration list for PBXNativeTarget "kactusTests" */;
			buildPhases = (
				2BAD2CB81A9DD6D6006729D4 /* Sources */,
				2BAD2CB91A9DD6D6006729D4 /* Frameworks */,
				2BAD2CBA1A9DD6D6006729D4 /* Resources */,
			);
			buildRules = (
			);
			dependencies = (
				2BAD2CBF1A9DD6D6006729D4 /* PBXTargetDependency */,
			);
			name = kactusTests;
			productName = kactusTests;
			productReference = 2BAD2CBC1A9DD6D6006729D4 /* kactusTests.xctest */;
			productType = "com.apple.product-type.bundle.unit-test";
		};
/* End PBXNativeTarget section */

/* Begin PBXProject section */
		2BAD2CA81A9DD6D5006729D4 /* Project object */ = {
			isa = PBXProject;
			attributes = {
				LastUpgradeCheck = 0610;
				ORGANIZATIONNAME = "Metide Srl";
				TargetAttributes = {
					2BAD2CB01A9DD6D5006729D4 = {
						CreatedOnToolsVersion = 6.1;
					};
					2BAD2CBB1A9DD6D6006729D4 = {
						CreatedOnToolsVersion = 6.1;
					};
				};
			};
			buildConfigurationList = 2BAD2CAB1A9DD6D5006729D4 /* Build configuration list for PBXProject "kactus" */;
			compatibilityVersion = "Xcode 3.2";
			developmentRegion = English;
			hasScannedForEncodings = 0;
			knownRegions = (
				en,
			);
			mainGroup = 2BAD2CA71A9DD6D5006729D4;
			productRefGroup = 2BAD2CB21A9DD6D5006729D4 /* Products */;
			projectDirPath = "";
			projectRoot = "";
			targets = (
				2BAD2CB01A9DD6D5006729D4 /* kactus */,
				2BAD2CBB1A9DD6D6006729D4 /* kactusTests */,
			);
		};
/* End PBXProject section */

/* Begin PBXResourcesBuildPhase section */
		2BAD2CAF1A9DD6D5006729D4 /* Resources */ = {
			isa = PBXResourcesBuildPhase;
			buildActionMask = 2147483647;
			files = (
			);
			runOnlyForDeploymentPostprocessing = 0;
		};
		2BAD2CBA1A9DD6D6006729D4 /* Resources */ = {
			isa = PBXResourcesBuildPhase;
			buildActionMask = 2147483647;
			files = (
			);
			runOnlyForDeploymentPostprocessing = 0;
		};
/* End PBXResourcesBuildPhase section */

/* Begin PBXSourcesBuildPhase section */
		2BAD2CAC1A9DD6D5006729D4 /* Sources */ = {
			isa = PBXSourcesBuildPhase;
			buildActionMask = 2147483647;
			files = (
				27C1E1CE1A9F1ADB0035C02C /* KTUILabelWithPadding.m in Sources */,
				27C1E1AD1A9F1AA20035C02C /* NSObject+PerformBlockAfterDelay.m in Sources */,
				2B2A5E791A9DFFE700A12B80 /* KTUIImage+Utility.m in Sources */,
				27C1E1B71A9F1AA20035C02C /* SSCarrierInfo.m in Sources */,
				2B2A5E851A9E005C00A12B80 /* KTNSDate+Utility.m in Sources */,
				27C1E1AF1A9F1AA20035C02C /* SSAccelerometerInfo.m in Sources */,
				27C1E17F1A9F1A5A0035C02C /* KTNetworkUtility.m in Sources */,
				27C1E1B51A9F1AA20035C02C /* SSBatteryInfo.m in Sources */,
				27C1E1691A9F18600035C02C /* KTNSString+IPValidation.m in Sources */,
				27C1E18B1A9F1A8E0035C02C /* SystemServices.m in Sources */,
				27C1E1831A9F1A620035C02C /* KTUtility.m in Sources */,
				2B2A5E871A9E005C00A12B80 /* KTNSString+LeftPadding.m in Sources */,
				27C1E1B91A9F1AA20035C02C /* SSDiskInfo.m in Sources */,
				27C1E1BD1A9F1AA20035C02C /* SSJailbreakCheck.m in Sources */,
				2B2A5E891A9E005C00A12B80 /* KTNSString+Utility.m in Sources */,
				27C1E1C31A9F1AA20035C02C /* SSNetworkInfo.m in Sources */,
				27C1E1B11A9F1AA20035C02C /* SSAccessoryInfo.m in Sources */,
				27C1E1651A9F182A0035C02C /* KTCAGradientLayer+SJSGradients.m in Sources */,
				27C1E1BF1A9F1AA20035C02C /* SSLocalizationInfo.m in Sources */,
				27C1E1C11A9F1AA20035C02C /* SSMemoryInfo.m in Sources */,
				27C1E1B31A9F1AA20035C02C /* SSApplicationInfo.m in Sources */,
				27C1E16D1A9F18850035C02C /* KTNSThread+ManyObjects.m in Sources */,
				27C1E1C91A9F1AA20035C02C /* SSUUID.m in Sources */,
				2B9E99C81A9DE8CB0001F496 /* KTUIColor+Utility.m in Sources */,
				27C1E1C71A9F1AA20035C02C /* SSProcessorInfo.m in Sources */,
				27C1E1751A9F190F0035C02C /* KTUIView+JTViewToImage.m in Sources */,
				27C1E1BB1A9F1AA20035C02C /* SSHardwareInfo.m in Sources */,
				27C1E1711A9F18EE0035C02C /* KTUIImagePickerController+NonRotating.m in Sources */,
				2B2A5E8D1A9E005C00A12B80 /* KTUIView+Utility.m in Sources */,
				2B2A5E8B1A9E005C00A12B80 /* KTUILabel+VAlign.m in Sources */,
				27C1E1C51A9F1AA20035C02C /* SSProcessInfo.m in Sources */,
				271C6E1C1AAD9B67007C0801 /* KTNSMutableAttributedString+HTMLParsing.m in Sources */,
				27C1E1871A9F1A7C0035C02C /* KTLocalizationSystem.m in Sources */,
			);
			runOnlyForDeploymentPostprocessing = 0;
		};
		2BAD2CB81A9DD6D6006729D4 /* Sources */ = {
			isa = PBXSourcesBuildPhase;
			buildActionMask = 2147483647;
			files = (
				2BAD2CC41A9DD6D6006729D4 /* kactusTests.m in Sources */,
			);
			runOnlyForDeploymentPostprocessing = 0;
		};
/* End PBXSourcesBuildPhase section */

/* Begin PBXTargetDependency section */
		2BAD2CBF1A9DD6D6006729D4 /* PBXTargetDependency */ = {
			isa = PBXTargetDependency;
			target = 2BAD2CB01A9DD6D5006729D4 /* kactus */;
			targetProxy = 2BAD2CBE1A9DD6D6006729D4 /* PBXContainerItemProxy */;
		};
/* End PBXTargetDependency section */

/* Begin XCBuildConfiguration section */
		2BAD2CC51A9DD6D6006729D4 /* Debug */ = {
			isa = XCBuildConfiguration;
			buildSettings = {
				ALWAYS_SEARCH_USER_PATHS = NO;
				CLANG_CXX_LANGUAGE_STANDARD = "gnu++0x";
				CLANG_CXX_LIBRARY = "libc++";
				CLANG_ENABLE_MODULES = YES;
				CLANG_ENABLE_OBJC_ARC = YES;
				CLANG_WARN_BOOL_CONVERSION = YES;
				CLANG_WARN_CONSTANT_CONVERSION = YES;
				CLANG_WARN_DIRECT_OBJC_ISA_USAGE = YES_ERROR;
				CLANG_WARN_EMPTY_BODY = YES;
				CLANG_WARN_ENUM_CONVERSION = YES;
				CLANG_WARN_INT_CONVERSION = YES;
				CLANG_WARN_OBJC_ROOT_CLASS = YES_ERROR;
				CLANG_WARN_UNREACHABLE_CODE = YES;
				CLANG_WARN__DUPLICATE_METHOD_MATCH = YES;
				"CODE_SIGN_IDENTITY[sdk=iphoneos*]" = "iPhone Developer";
				COPY_PHASE_STRIP = NO;
				CURRENT_PROJECT_VERSION = 1;
				ENABLE_STRICT_OBJC_MSGSEND = YES;
				GCC_C_LANGUAGE_STANDARD = gnu99;
				GCC_DYNAMIC_NO_PIC = NO;
				GCC_OPTIMIZATION_LEVEL = 0;
				GCC_PREPROCESSOR_DEFINITIONS = (
					"DEBUG=1",
					"$(inherited)",
				);
				GCC_SYMBOLS_PRIVATE_EXTERN = NO;
				GCC_WARN_64_TO_32_BIT_CONVERSION = YES;
				GCC_WARN_ABOUT_RETURN_TYPE = YES_ERROR;
				GCC_WARN_UNDECLARED_SELECTOR = YES;
				GCC_WARN_UNINITIALIZED_AUTOS = YES_AGGRESSIVE;
				GCC_WARN_UNUSED_FUNCTION = YES;
				GCC_WARN_UNUSED_VARIABLE = YES;
				IPHONEOS_DEPLOYMENT_TARGET = 8.1;
				MTL_ENABLE_DEBUG_INFO = YES;
				ONLY_ACTIVE_ARCH = YES;
				SDKROOT = iphoneos;
				TARGETED_DEVICE_FAMILY = "1,2";
				VERSIONING_SYSTEM = "apple-generic";
				VERSION_INFO_PREFIX = "";
			};
			name = Debug;
		};
		2BAD2CC61A9DD6D6006729D4 /* Release */ = {
			isa = XCBuildConfiguration;
			buildSettings = {
				ALWAYS_SEARCH_USER_PATHS = NO;
				CLANG_CXX_LANGUAGE_STANDARD = "gnu++0x";
				CLANG_CXX_LIBRARY = "libc++";
				CLANG_ENABLE_MODULES = YES;
				CLANG_ENABLE_OBJC_ARC = YES;
				CLANG_WARN_BOOL_CONVERSION = YES;
				CLANG_WARN_CONSTANT_CONVERSION = YES;
				CLANG_WARN_DIRECT_OBJC_ISA_USAGE = YES_ERROR;
				CLANG_WARN_EMPTY_BODY = YES;
				CLANG_WARN_ENUM_CONVERSION = YES;
				CLANG_WARN_INT_CONVERSION = YES;
				CLANG_WARN_OBJC_ROOT_CLASS = YES_ERROR;
				CLANG_WARN_UNREACHABLE_CODE = YES;
				CLANG_WARN__DUPLICATE_METHOD_MATCH = YES;
				"CODE_SIGN_IDENTITY[sdk=iphoneos*]" = "iPhone Developer";
				COPY_PHASE_STRIP = YES;
				CURRENT_PROJECT_VERSION = 1;
				ENABLE_NS_ASSERTIONS = NO;
				ENABLE_STRICT_OBJC_MSGSEND = YES;
				GCC_C_LANGUAGE_STANDARD = gnu99;
				GCC_WARN_64_TO_32_BIT_CONVERSION = YES;
				GCC_WARN_ABOUT_RETURN_TYPE = YES_ERROR;
				GCC_WARN_UNDECLARED_SELECTOR = YES;
				GCC_WARN_UNINITIALIZED_AUTOS = YES_AGGRESSIVE;
				GCC_WARN_UNUSED_FUNCTION = YES;
				GCC_WARN_UNUSED_VARIABLE = YES;
				IPHONEOS_DEPLOYMENT_TARGET = 8.1;
				MTL_ENABLE_DEBUG_INFO = NO;
				SDKROOT = iphoneos;
				TARGETED_DEVICE_FAMILY = "1,2";
				VALIDATE_PRODUCT = YES;
				VERSIONING_SYSTEM = "apple-generic";
				VERSION_INFO_PREFIX = "";
			};
			name = Release;
		};
		2BAD2CC81A9DD6D6006729D4 /* Debug */ = {
			isa = XCBuildConfiguration;
			buildSettings = {
				DEFINES_MODULE = YES;
				DYLIB_COMPATIBILITY_VERSION = 1;
				DYLIB_CURRENT_VERSION = 1;
				DYLIB_INSTALL_NAME_BASE = "@rpath";
				INFOPLIST_FILE = kactus/Info.plist;
				INSTALL_PATH = "$(LOCAL_LIBRARY_DIR)/Frameworks";
				LD_RUNPATH_SEARCH_PATHS = "$(inherited) @executable_path/Frameworks @loader_path/Frameworks";
				PRODUCT_NAME = "$(TARGET_NAME)";
				SKIP_INSTALL = YES;
			};
			name = Debug;
		};
		2BAD2CC91A9DD6D6006729D4 /* Release */ = {
			isa = XCBuildConfiguration;
			buildSettings = {
				DEFINES_MODULE = YES;
				DYLIB_COMPATIBILITY_VERSION = 1;
				DYLIB_CURRENT_VERSION = 1;
				DYLIB_INSTALL_NAME_BASE = "@rpath";
				INFOPLIST_FILE = kactus/Info.plist;
				INSTALL_PATH = "$(LOCAL_LIBRARY_DIR)/Frameworks";
				LD_RUNPATH_SEARCH_PATHS = "$(inherited) @executable_path/Frameworks @loader_path/Frameworks";
				PRODUCT_NAME = "$(TARGET_NAME)";
				SKIP_INSTALL = YES;
			};
			name = Release;
		};
		2BAD2CCB1A9DD6D6006729D4 /* Debug */ = {
			isa = XCBuildConfiguration;
			buildSettings = {
				FRAMEWORK_SEARCH_PATHS = (
					"$(SDKROOT)/Developer/Library/Frameworks",
					"$(inherited)",
				);
				GCC_PREPROCESSOR_DEFINITIONS = (
					"DEBUG=1",
					"$(inherited)",
				);
				INFOPLIST_FILE = kactusTests/Info.plist;
				LD_RUNPATH_SEARCH_PATHS = "$(inherited) @executable_path/Frameworks @loader_path/Frameworks";
				PRODUCT_NAME = "$(TARGET_NAME)";
			};
			name = Debug;
		};
		2BAD2CCC1A9DD6D6006729D4 /* Release */ = {
			isa = XCBuildConfiguration;
			buildSettings = {
				FRAMEWORK_SEARCH_PATHS = (
					"$(SDKROOT)/Developer/Library/Frameworks",
					"$(inherited)",
				);
				INFOPLIST_FILE = kactusTests/Info.plist;
				LD_RUNPATH_SEARCH_PATHS = "$(inherited) @executable_path/Frameworks @loader_path/Frameworks";
				PRODUCT_NAME = "$(TARGET_NAME)";
			};
			name = Release;
		};
/* End XCBuildConfiguration section */

/* Begin XCConfigurationList section */
		2BAD2CAB1A9DD6D5006729D4 /* Build configuration list for PBXProject "kactus" */ = {
			isa = XCConfigurationList;
			buildConfigurations = (
				2BAD2CC51A9DD6D6006729D4 /* Debug */,
				2BAD2CC61A9DD6D6006729D4 /* Release */,
			);
			defaultConfigurationIsVisible = 0;
			defaultConfigurationName = Release;
		};
		2BAD2CC71A9DD6D6006729D4 /* Build configuration list for PBXNativeTarget "kactus" */ = {
			isa = XCConfigurationList;
			buildConfigurations = (
				2BAD2CC81A9DD6D6006729D4 /* Debug */,
				2BAD2CC91A9DD6D6006729D4 /* Release */,
			);
			defaultConfigurationIsVisible = 0;
			defaultConfigurationName = Release;
		};
		2BAD2CCA1A9DD6D6006729D4 /* Build configuration list for PBXNativeTarget "kactusTests" */ = {
			isa = XCConfigurationList;
			buildConfigurations = (
				2BAD2CCB1A9DD6D6006729D4 /* Debug */,
				2BAD2CCC1A9DD6D6006729D4 /* Release */,
			);
			defaultConfigurationIsVisible = 0;
			defaultConfigurationName = Release;
		};
/* End XCConfigurationList section */
	};
	rootObject = 2BAD2CA81A9DD6D5006729D4 /* Project object */;
}
